Microsoft Visual Studio Solution File, Format Version 12.00
# Visual Studio Version 17
VisualStudioVersion = 17.5.2.0
MinimumVisualStudioVersion = 10.0.40219.1
Project("{2150E333-8FDC-42A3-9474-1A3956D46DE8}") = "backend", "backend", "{1AE8ACA6-933B-BF2A-3671-3E2EAC007D16}"
EndProject
Project("{2150E333-8FDC-42A3-9474-1A3956D46DE8}") = "services", "services", "{3C755975-A7BD-44BC-C8F9-5B13F14529BF}"
EndProject
Project("{FAE04EC0-301F-11D3-BF4B-00C04F79EFBC}") = "user-service", "backend\services\user-service\user-service.csproj", "{F064F23A-3957-BB7A-CAA3-0836D70A7133}"
EndProject
Global
	GlobalSection(SolutionConfigurationPlatforms) = preSolution
		Debug|Any CPU = Debug|Any CPU
		Release|Any CPU = Release|Any CPU
	EndGlobalSection
	GlobalSection(ProjectConfigurationPlatforms) = postSolution
		{F064F23A-3957-BB7A-CAA3-0836D70A7133}.Debug|Any CPU.ActiveCfg = Debug|Any CPU
		{F064F23A-3957-BB7A-CAA3-0836D70A7133}.Debug|Any CPU.Build.0 = Debug|Any CPU
		{F064F23A-3957-BB7A-CAA3-0836D70A7133}.Release|Any CPU.ActiveCfg = Release|Any CPU
		{F064F23A-3957-BB7A-CAA3-0836D70A7133}.Release|Any CPU.Build.0 = Release|Any CPU
	EndGlobalSection
	GlobalSection(SolutionProperties) = preSolution
		HideSolutionNode = FALSE
	EndGlobalSection
	GlobalSection(NestedProjects) = preSolution
		{3C755975-A7BD-44BC-C8F9-5B13F14529BF} = {1AE8ACA6-933B-BF2A-3671-3E2EAC007D16}
		{F064F23A-3957-BB7A-CAA3-0836D70A7133} = {3C755975-A7BD-44BC-C8F9-5B13F14529BF}
	EndGlobalSection
	GlobalSection(ExtensibilityGlobals) = postSolution
		SolutionGuid = {73BC2525-34F1-4B9D-9536-B2C6660A80E8}
	EndGlobalSection
EndGlobal
